
Microsoft Visual Studio Solution File, Format Version 12.00
# Visual Studio Version 16
VisualStudioVersion = 16.0.31515.178
MinimumVisualStudioVersion = 10.0.40219.1
Project("{FAE04EC0-301F-11D3-BF4B-00C04F79EFBC}") = "RESTMovie", "RESTMovie\RESTMovie.csproj", "{07EC3E73-87FC-4D21-B1F1-E0F1D632A9C3}"
EndProject
Global
	GlobalSection(SolutionConfigurationPlatforms) = preSolution
		Debug|Any CPU = Debug|Any CPU
		Release|Any CPU = Release|Any CPU
	EndGlobalSection
	GlobalSection(ProjectConfigurationPlatforms) = postSolution
		{07EC3E73-87FC-4D21-B1F1-E0F1D632A9C3}.Debug|Any CPU.ActiveCfg = Debug|Any CPU
		{07EC3E73-87FC-4D21-B1F1-E0F1D632A9C3}.Debug|Any CPU.Build.0 = Debug|Any CPU
		{07EC3E73-87FC-4D21-B1F1-E0F1D632A9C3}.Release|Any CPU.ActiveCfg = Release|Any CPU
		{07EC3E73-87FC-4D21-B1F1-E0F1D632A9C3}.Release|Any CPU.Build.0 = Release|Any CPU
	EndGlobalSection
	GlobalSection(SolutionProperties) = preSolution
		HideSolutionNode = FALSE
	EndGlobalSection
	GlobalSection(ExtensibilityGlobals) = postSolution
		SolutionGuid = {230D9893-4900-4578-9499-673F8E82DD9D}
	EndGlobalSection
EndGlobal
